
Microsoft Visual Studio Solution File, Format Version 12.00
Project("{FAE04EC0-301F-11D3-BF4B-00C04F79EFBC}") = "HSEBank", "HSEBank\HSEBank.csproj", "{52F8C428-EC63-4BF4-8E1C-2C8E2173E8CA}"
EndProject
Global
	GlobalSection(SolutionConfigurationPlatforms) = preSolution
		Debug|Any CPU = Debug|Any CPU
		Release|Any CPU = Release|Any CPU
	EndGlobalSection
	GlobalSection(ProjectConfigurationPlatforms) = postSolution
		{52F8C428-EC63-4BF4-8E1C-2C8E2173E8CA}.Debug|Any CPU.ActiveCfg = Debug|Any CPU
		{52F8C428-EC63-4BF4-8E1C-2C8E2173E8CA}.Debug|Any CPU.Build.0 = Debug|Any CPU
		{52F8C428-EC63-4BF4-8E1C-2C8E2173E8CA}.Release|Any CPU.ActiveCfg = Release|Any CPU
		{52F8C428-EC63-4BF4-8E1C-2C8E2173E8CA}.Release|Any CPU.Build.0 = Release|Any CPU
	EndGlobalSection
EndGlobal
